
Microsoft Visual Studio Solution File, Format Version 12.00
# Visual Studio Version 17
VisualStudioVersion = 17.0.31903.59
MinimumVisualStudioVersion = 10.0.40219.1
Project("{FAE04EC0-301F-11D3-BF4B-00C04F79EFBC}") = "WebApi", "WebApi\WebApi.csproj", "{2A380E78-6C5C-4920-B4FD-7DFC8EB73919}"
EndProject
Project("{FAE04EC0-301F-11D3-BF4B-00C04F79EFBC}") = "Application", "Application\Application.csproj", "{834E9928-5C09-4678-B872-47B9CDFFF83C}"
EndProject
Project("{FAE04EC0-301F-11D3-BF4B-00C04F79EFBC}") = "Core", "Core\Core.csproj", "{218B7DEF-17CC-4E52-8505-243F0A549B31}"
EndProject
Project("{FAE04EC0-301F-11D3-BF4B-00C04F79EFBC}") = "Infrastructure", "Infrastructure\Infrastructure.csproj", "{9E5750C6-2A57-4DA9-8D35-65FDD580A5A1}"
EndProject
Global
	GlobalSection(SolutionConfigurationPlatforms) = preSolution
		Debug|Any CPU = Debug|Any CPU
		Debug|x64 = Debug|x64
		Debug|x86 = Debug|x86
		Release|Any CPU = Release|Any CPU
		Release|x64 = Release|x64
		Release|x86 = Release|x86
	EndGlobalSection
	GlobalSection(ProjectConfigurationPlatforms) = postSolution
		{2A380E78-6C5C-4920-B4FD-7DFC8EB73919}.Debug|Any CPU.ActiveCfg = Debug|Any CPU
		{2A380E78-6C5C-4920-B4FD-7DFC8EB73919}.Debug|Any CPU.Build.0 = Debug|Any CPU
		{2A380E78-6C5C-4920-B4FD-7DFC8EB73919}.Debug|x64.ActiveCfg = Debug|Any CPU
		{2A380E78-6C5C-4920-B4FD-7DFC8EB73919}.Debug|x64.Build.0 = Debug|Any CPU
		{2A380E78-6C5C-4920-B4FD-7DFC8EB73919}.Debug|x86.ActiveCfg = Debug|Any CPU
		{2A380E78-6C5C-4920-B4FD-7DFC8EB73919}.Debug|x86.Build.0 = Debug|Any CPU
		{2A380E78-6C5C-4920-B4FD-7DFC8EB73919}.Release|Any CPU.ActiveCfg = Release|Any CPU
		{2A380E78-6C5C-4920-B4FD-7DFC8EB73919}.Release|Any CPU.Build.0 = Release|Any CPU
		{2A380E78-6C5C-4920-B4FD-7DFC8EB73919}.Release|x64.ActiveCfg = Release|Any CPU
		{2A380E78-6C5C-4920-B4FD-7DFC8EB73919}.Release|x64.Build.0 = Release|Any CPU
		{2A380E78-6C5C-4920-B4FD-7DFC8EB73919}.Release|x86.ActiveCfg = Release|Any CPU
		{2A380E78-6C5C-4920-B4FD-7DFC8EB73919}.Release|x86.Build.0 = Release|Any CPU
		{834E9928-5C09-4678-B872-47B9CDFFF83C}.Debug|Any CPU.ActiveCfg = Debug|Any CPU
		{834E9928-5C09-4678-B872-47B9CDFFF83C}.Debug|Any CPU.Build.0 = Debug|Any CPU
		{834E9928-5C09-4678-B872-47B9CDFFF83C}.Debug|x64.ActiveCfg = Debug|Any CPU
		{834E9928-5C09-4678-B872-47B9CDFFF83C}.Debug|x64.Build.0 = Debug|Any CPU
		{834E9928-5C09-4678-B872-47B9CDFFF83C}.Debug|x86.ActiveCfg = Debug|Any CPU
		{834E9928-5C09-4678-B872-47B9CDFFF83C}.Debug|x86.Build.0 = Debug|Any CPU
		{834E9928-5C09-4678-B872-47B9CDFFF83C}.Release|Any CPU.ActiveCfg = Release|Any CPU
		{834E9928-5C09-4678-B872-47B9CDFFF83C}.Release|Any CPU.Build.0 = Release|Any CPU
		{834E9928-5C09-4678-B872-47B9CDFFF83C}.Release|x64.ActiveCfg = Release|Any CPU
		{834E9928-5C09-4678-B872-47B9CDFFF83C}.Release|x64.Build.0 = Release|Any CPU
		{834E9928-5C09-4678-B872-47B9CDFFF83C}.Release|x86.ActiveCfg = Release|Any CPU
		{834E9928-5C09-4678-B872-47B9CDFFF83C}.Release|x86.Build.0 = Release|Any CPU
		{218B7DEF-17CC-4E52-8505-243F0A549B31}.Debug|Any CPU.ActiveCfg = Debug|Any CPU
		{218B7DEF-17CC-4E52-8505-243F0A549B31}.Debug|Any CPU.Build.0 = Debug|Any CPU
		{218B7DEF-17CC-4E52-8505-243F0A549B31}.Debug|x64.ActiveCfg = Debug|Any CPU
		{218B7DEF-17CC-4E52-8505-243F0A549B31}.Debug|x64.Build.0 = Debug|Any CPU
		{218B7DEF-17CC-4E52-8505-243F0A549B31}.Debug|x86.ActiveCfg = Debug|Any CPU
		{218B7DEF-17CC-4E52-8505-243F0A549B31}.Debug|x86.Build.0 = Debug|Any CPU
		{218B7DEF-17CC-4E52-8505-243F0A549B31}.Release|Any CPU.ActiveCfg = Release|Any CPU
		{218B7DEF-17CC-4E52-8505-243F0A549B31}.Release|Any CPU.Build.0 = Release|Any CPU
		{218B7DEF-17CC-4E52-8505-243F0A549B31}.Release|x64.ActiveCfg = Release|Any CPU
		{218B7DEF-17CC-4E52-8505-243F0A549B31}.Release|x64.Build.0 = Release|Any CPU
		{218B7DEF-17CC-4E52-8505-243F0A549B31}.Release|x86.ActiveCfg = Release|Any CPU
		{218B7DEF-17CC-4E52-8505-243F0A549B31}.Release|x86.Build.0 = Release|Any CPU
		{9E5750C6-2A57-4DA9-8D35-65FDD580A5A1}.Debug|Any CPU.ActiveCfg = Debug|Any CPU
		{9E5750C6-2A57-4DA9-8D35-65FDD580A5A1}.Debug|Any CPU.Build.0 = Debug|Any CPU
		{9E5750C6-2A57-4DA9-8D35-65FDD580A5A1}.Debug|x64.ActiveCfg = Debug|Any CPU
		{9E5750C6-2A57-4DA9-8D35-65FDD580A5A1}.Debug|x64.Build.0 = Debug|Any CPU
		{9E5750C6-2A57-4DA9-8D35-65FDD580A5A1}.Debug|x86.ActiveCfg = Debug|Any CPU
		{9E5750C6-2A57-4DA9-8D35-65FDD580A5A1}.Debug|x86.Build.0 = Debug|Any CPU
		{9E5750C6-2A57-4DA9-8D35-65FDD580A5A1}.Release|Any CPU.ActiveCfg = Release|Any CPU
		{9E5750C6-2A57-4DA9-8D35-65FDD580A5A1}.Release|Any CPU.Build.0 = Release|Any CPU
		{9E5750C6-2A57-4DA9-8D35-65FDD580A5A1}.Release|x64.ActiveCfg = Release|Any CPU
		{9E5750C6-2A57-4DA9-8D35-65FDD580A5A1}.Release|x64.Build.0 = Release|Any CPU
		{9E5750C6-2A57-4DA9-8D35-65FDD580A5A1}.Release|x86.ActiveCfg = Release|Any CPU
		{9E5750C6-2A57-4DA9-8D35-65FDD580A5A1}.Release|x86.Build.0 = Release|Any CPU
	EndGlobalSection
	GlobalSection(SolutionProperties) = preSolution
		HideSolutionNode = FALSE
	EndGlobalSection
EndGlobal
